// !$*UTF8*$!
{
	archiveVersion = 1;
	classes = {
	};
	objectVersion = 48;
	objects = {

/* Begin PBXBuildFile section */
		330D53412053377C00519705 /* DaysTableTableViewController.swift in Sources */ = {isa = PBXBuildFile; fileRef = 330D53402053377C00519705 /* DaysTableTableViewController.swift */; };
		330D5343205338F200519705 /* DaysCodeModel.swift in Sources */ = {isa = PBXBuildFile; fileRef = 330D5342205338F200519705 /* DaysCodeModel.swift */; };
		330D53452053728300519705 /* ExerciseTableViewController.swift in Sources */ = {isa = PBXBuildFile; fileRef = 330D53442053728300519705 /* ExerciseTableViewController.swift */; };
		CDE80C3D205350880037637C /* BodyPartTableViewController.swift in Sources */ = {isa = PBXBuildFile; fileRef = CDE80C3C205350880037637C /* BodyPartTableViewController.swift */; };
		CDF612F82036666A009C4724 /* AppDelegate.swift in Sources */ = {isa = PBXBuildFile; fileRef = CDF612F72036666A009C4724 /* AppDelegate.swift */; };
		CDF612FD2036666A009C4724 /* Main.storyboard in Resources */ = {isa = PBXBuildFile; fileRef = CDF612FB2036666A009C4724 /* Main.storyboard */; };
		CDF612FF2036666A009C4724 /* Assets.xcassets in Resources */ = {isa = PBXBuildFile; fileRef = CDF612FE2036666A009C4724 /* Assets.xcassets */; };
		CDF613022036666A009C4724 /* LaunchScreen.storyboard in Resources */ = {isa = PBXBuildFile; fileRef = CDF613002036666A009C4724 /* LaunchScreen.storyboard */; };
/* End PBXBuildFile section */

/* Begin PBXFileReference section */
		330D53402053377C00519705 /* DaysTableTableViewController.swift */ = {isa = PBXFileReference; lastKnownFileType = sourcecode.swift; path = DaysTableTableViewController.swift; sourceTree = "<group>"; };
		330D5342205338F200519705 /* DaysCodeModel.swift */ = {isa = PBXFileReference; lastKnownFileType = sourcecode.swift; path = DaysCodeModel.swift; sourceTree = "<group>"; };
		330D53442053728300519705 /* ExerciseTableViewController.swift */ = {isa = PBXFileReference; lastKnownFileType = sourcecode.swift; path = ExerciseTableViewController.swift; sourceTree = "<group>"; };
		CDE80C3C205350880037637C /* BodyPartTableViewController.swift */ = {isa = PBXFileReference; lastKnownFileType = sourcecode.swift; path = BodyPartTableViewController.swift; sourceTree = "<group>"; };
		CDF612F42036666A009C4724 /* FitPro.app */ = {isa = PBXFileReference; explicitFileType = wrapper.application; includeInIndex = 0; path = FitPro.app; sourceTree = BUILT_PRODUCTS_DIR; };
		CDF612F72036666A009C4724 /* AppDelegate.swift */ = {isa = PBXFileReference; lastKnownFileType = sourcecode.swift; path = AppDelegate.swift; sourceTree = "<group>"; };
		CDF612FC2036666A009C4724 /* Base */ = {isa = PBXFileReference; lastKnownFileType = file.storyboard; name = Base; path = Base.lproj/Main.storyboard; sourceTree = "<group>"; };
		CDF612FE2036666A009C4724 /* Assets.xcassets */ = {isa = PBXFileReference; lastKnownFileType = folder.assetcatalog; path = Assets.xcassets; sourceTree = "<group>"; };
		CDF613012036666A009C4724 /* Base */ = {isa = PBXFileReference; lastKnownFileType = file.storyboard; name = Base; path = Base.lproj/LaunchScreen.storyboard; sourceTree = "<group>"; };
		CDF613032036666A009C4724 /* Info.plist */ = {isa = PBXFileReference; lastKnownFileType = text.plist.xml; path = Info.plist; sourceTree = "<group>"; };
/* End PBXFileReference section */

/* Begin PBXFrameworksBuildPhase section */
		CDF612F12036666A009C4724 /* Frameworks */ = {
			isa = PBXFrameworksBuildPhase;
			buildActionMask = 2147483647;
			files = (
			);
			runOnlyForDeploymentPostprocessing = 0;
		};
/* End PBXFrameworksBuildPhase section */

/* Begin PBXGroup section */
		CDF612EB2036666A009C4724 = {
			isa = PBXGroup;
			children = (
				CDF612F62036666A009C4724 /* FitPro */,
				CDF612F52036666A009C4724 /* Products */,
			);
			sourceTree = "<group>";
		};
		CDF612F52036666A009C4724 /* Products */ = {
			isa = PBXGroup;
			children = (
				CDF612F42036666A009C4724 /* FitPro.app */,
			);
			name = Products;
			sourceTree = "<group>";
		};
		CDF612F62036666A009C4724 /* FitPro */ = {
			isa = PBXGroup;
			children = (
				CDF612F72036666A009C4724 /* AppDelegate.swift */,
				CDF612FB2036666A009C4724 /* Main.storyboard */,
				330D53442053728300519705 /* ExerciseTableViewController.swift */,
				330D5342205338F200519705 /* DaysCodeModel.swift */,
				CDF612FE2036666A009C4724 /* Assets.xcassets */,
				CDF613002036666A009C4724 /* LaunchScreen.storyboard */,
				330D53402053377C00519705 /* DaysTableTableViewController.swift */,
				CDF613032036666A009C4724 /* Info.plist */,
				CDE80C3C205350880037637C /* BodyPartTableViewController.swift */,
			);
			path = FitPro;
			sourceTree = "<group>";
		};
/* End PBXGroup section */

/* Begin PBXNativeTarget section */
		CDF612F32036666A009C4724 /* FitPro */ = {
			isa = PBXNativeTarget;
			buildConfigurationList = CDF613062036666A009C4724 /* Build configuration list for PBXNativeTarget "FitPro" */;
			buildPhases = (
				CDF612F02036666A009C4724 /* Sources */,
				CDF612F12036666A009C4724 /* Frameworks */,
				CDF612F22036666A009C4724 /* Resources */,
			);
			buildRules = (
			);
			dependencies = (
			);
			name = FitPro;
			productName = FitPro;
			productReference = CDF612F42036666A009C4724 /* FitPro.app */;
			productType = "com.apple.product-type.application";
		};
/* End PBXNativeTarget section */

/* Begin PBXProject section */
		CDF612EC2036666A009C4724 /* Project object */ = {
			isa = PBXProject;
			attributes = {
				LastSwiftUpdateCheck = 0920;
				LastUpgradeCheck = 0920;
				ORGANIZATIONNAME = "Joshi,Aawaj R";
				TargetAttributes = {
					CDF612F32036666A009C4724 = {
						CreatedOnToolsVersion = 9.2;
						ProvisioningStyle = Automatic;
					};
				};
			};
			buildConfigurationList = CDF612EF2036666A009C4724 /* Build configuration list for PBXProject "FitPro" */;
			compatibilityVersion = "Xcode 8.0";
			developmentRegion = en;
			hasScannedForEncodings = 0;
			knownRegions = (
				en,
				Base,
			);
			mainGroup = CDF612EB2036666A009C4724;
			productRefGroup = CDF612F52036666A009C4724 /* Products */;
			projectDirPath = "";
			projectRoot = "";
			targets = (
				CDF612F32036666A009C4724 /* FitPro */,
			);
		};
/* End PBXProject section */

/* Begin PBXResourcesBuildPhase section */
		CDF612F22036666A009C4724 /* Resources */ = {
			isa = PBXResourcesBuildPhase;
			buildActionMask = 2147483647;
			files = (
				CDF613022036666A009C4724 /* LaunchScreen.storyboard in Resources */,
				CDF612FF2036666A009C4724 /* Assets.xcassets in Resources */,
				CDF612FD2036666A009C4724 /* Main.storyboard in Resources */,
			);
			runOnlyForDeploymentPostprocessing = 0;
		};
/* End PBXResourcesBuildPhase section */

/* Begin PBXSourcesBuildPhase section */
		CDF612F02036666A009C4724 /* Sources */ = {
			isa = PBXSourcesBuildPhase;
			buildActionMask = 2147483647;
			files = (
				CDE80C3D205350880037637C /* BodyPartTableViewController.swift in Sources */,
				330D53452053728300519705 /* ExerciseTableViewController.swift in Sources */,
				330D5343205338F200519705 /* DaysCodeModel.swift in Sources */,
				330D53412053377C00519705 /* DaysTableTableViewController.swift in Sources */,
				CDF612F82036666A009C4724 /* AppDelegate.swift in Sources */,
			);
			runOnlyForDeploymentPostprocessing = 0;
		};
/* End PBXSourcesBuildPhase section */

/* Begin PBXVariantGroup section */
		CDF612FB2036666A009C4724 /* Main.storyboard */ = {
			isa = PBXVariantGroup;
			children = (
				CDF612FC2036666A009C4724 /* Base */,
			);
			name = Main.storyboard;
			sourceTree = "<group>";
		};
		CDF613002036666A009C4724 /* LaunchScreen.storyboard */ = {
			isa = PBXVariantGroup;
			children = (
				CDF613012036666A009C4724 /* Base */,
			);
			name = LaunchScreen.storyboard;
			sourceTree = "<group>";
		};
/* End PBXVariantGroup section */

/* Begin XCBuildConfiguration section */
		CDF613042036666A009C4724 /* Debug */ = {
			isa = XCBuildConfiguration;
			buildSettings = {
				ALWAYS_SEARCH_USER_PATHS = NO;
				CLANG_ANALYZER_NONNULL = YES;
				CLANG_ANALYZER_NUMBER_OBJECT_CONVERSION = YES_AGGRESSIVE;
				CLANG_CXX_LANGUAGE_STANDARD = "gnu++14";
				CLANG_CXX_LIBRARY = "libc++";
				CLANG_ENABLE_MODULES = YES;
				CLANG_ENABLE_OBJC_ARC = YES;
				CLANG_WARN_BLOCK_CAPTURE_AUTORELEASING = YES;
				CLANG_WARN_BOOL_CONVERSION = YES;
				CLANG_WARN_COMMA = YES;
				CLANG_WARN_CONSTANT_CONVERSION = YES;
				CLANG_WARN_DIRECT_OBJC_ISA_USAGE = YES_ERROR;
				CLANG_WARN_DOCUMENTATION_COMMENTS = YES;
				CLANG_WARN_EMPTY_BODY = YES;
				CLANG_WARN_ENUM_CONVERSION = YES;
				CLANG_WARN_INFINITE_RECURSION = YES;
				CLANG_WARN_INT_CONVERSION = YES;
				CLANG_WARN_NON_LITERAL_NULL_CONVERSION = YES;
				CLANG_WARN_OBJC_LITERAL_CONVERSION = YES;
				CLANG_WARN_OBJC_ROOT_CLASS = YES_ERROR;
				CLANG_WARN_RANGE_LOOP_ANALYSIS = YES;
				CLANG_WARN_STRICT_PROTOTYPES = YES;
				CLANG_WARN_SUSPICIOUS_MOVE = YES;
				CLANG_WARN_UNGUARDED_AVAILABILITY = YES_AGGRESSIVE;
				CLANG_WARN_UNREACHABLE_CODE = YES;
				CLANG_WARN__DUPLICATE_METHOD_MATCH = YES;
				CODE_SIGN_IDENTITY = "iPhone Developer";
				COPY_PHASE_STRIP = NO;
				DEBUG_INFORMATION_FORMAT = dwarf;
				ENABLE_STRICT_OBJC_MSGSEND = YES;
				ENABLE_TESTABILITY = YES;
				GCC_C_LANGUAGE_STANDARD = gnu11;
				GCC_DYNAMIC_NO_PIC = NO;
				GCC_NO_COMMON_BLOCKS = YES;
				GCC_OPTIMIZATION_LEVEL = 0;
				GCC_PREPROCESSOR_DEFINITIONS = (
					"DEBUG=1",
					"$(inherited)",
				);
				GCC_WARN_64_TO_32_BIT_CONVERSION = YES;
				GCC_WARN_ABOUT_RETURN_TYPE = YES_ERROR;
				GCC_WARN_UNDECLARED_SELECTOR = YES;
				GCC_WARN_UNINITIALIZED_AUTOS = YES_AGGRESSIVE;
				GCC_WARN_UNUSED_FUNCTION = YES;
				GCC_WARN_UNUSED_VARIABLE = YES;
				IPHONEOS_DEPLOYMENT_TARGET = 11.2;
				MTL_ENABLE_DEBUG_INFO = YES;
				ONLY_ACTIVE_ARCH = YES;
				SDKROOT = iphoneos;
				SWIFT_ACTIVE_COMPILATION_CONDITIONS = DEBUG;
				SWIFT_OPTIMIZATION_LEVEL = "-Onone";
			};
			name = Debug;
		};
		CDF613052036666A009C4724 /* Release */ = {
			isa = XCBuildConfiguration;
			buildSettings = {
				ALWAYS_SEARCH_USER_PATHS = NO;
				CLANG_ANALYZER_NONNULL = YES;
				CLANG_ANALYZER_NUMBER_OBJECT_CONVERSION = YES_AGGRESSIVE;
				CLANG_CXX_LANGUAGE_STANDARD = "gnu++14";
				CLANG_CXX_LIBRARY = "libc++";
				CLANG_ENABLE_MODULES = YES;
				CLANG_ENABLE_OBJC_ARC = YES;
				CLANG_WARN_BLOCK_CAPTURE_AUTORELEASING = YES;
				CLANG_WARN_BOOL_CONVERSION = YES;
				CLANG_WARN_COMMA = YES;
				CLANG_WARN_CONSTANT_CONVERSION = YES;
				CLANG_WARN_DIRECT_OBJC_ISA_USAGE = YES_ERROR;
				CLANG_WARN_DOCUMENTATION_COMMENTS = YES;
				CLANG_WARN_EMPTY_BODY = YES;
				CLANG_WARN_ENUM_CONVERSION = YES;
				CLANG_WARN_INFINITE_RECURSION = YES;
				CLANG_WARN_INT_CONVERSION = YES;
				CLANG_WARN_NON_LITERAL_NULL_CONVERSION = YES;
				CLANG_WARN_OBJC_LITERAL_CONVERSION = YES;
				CLANG_WARN_OBJC_ROOT_CLASS = YES_ERROR;
				CLANG_WARN_RANGE_LOOP_ANALYSIS = YES;
				CLANG_WARN_STRICT_PROTOTYPES = YES;
				CLANG_WARN_SUSPICIOUS_MOVE = YES;
				CLANG_WARN_UNGUARDED_AVAILABILITY = YES_AGGRESSIVE;
				CLANG_WARN_UNREACHABLE_CODE = YES;
				CLANG_WARN__DUPLICATE_METHOD_MATCH = YES;
				CODE_SIGN_IDENTITY = "iPhone Developer";
				COPY_PHASE_STRIP = NO;
				DEBUG_INFORMATION_FORMAT = "dwarf-with-dsym";
				ENABLE_NS_ASSERTIONS = NO;
				ENABLE_STRICT_OBJC_MSGSEND = YES;
				GCC_C_LANGUAGE_STANDARD = gnu11;
				GCC_NO_COMMON_BLOCKS = YES;
				GCC_WARN_64_TO_32_BIT_CONVERSION = YES;
				GCC_WARN_ABOUT_RETURN_TYPE = YES_ERROR;
				GCC_WARN_UNDECLARED_SELECTOR = YES;
				GCC_WARN_UNINITIALIZED_AUTOS = YES_AGGRESSIVE;
				GCC_WARN_UNUSED_FUNCTION = YES;
				GCC_WARN_UNUSED_VARIABLE = YES;
				IPHONEOS_DEPLOYMENT_TARGET = 11.2;
				MTL_ENABLE_DEBUG_INFO = NO;
				SDKROOT = iphoneos;
				SWIFT_OPTIMIZATION_LEVEL = "-Owholemodule";
				VALIDATE_PRODUCT = YES;
			};
			name = Release;
		};
		CDF613072036666A009C4724 /* Debug */ = {
			isa = XCBuildConfiguration;
			buildSettings = {
				ASSETCATALOG_COMPILER_APPICON_NAME = AppIcon;
				CODE_SIGN_STYLE = Automatic;
				INFOPLIST_FILE = FitPro/Info.plist;
				LD_RUNPATH_SEARCH_PATHS = "$(inherited) @executable_path/Frameworks";
				PRODUCT_BUNDLE_IDENTIFIER = edu.nwmissouri.FitPro;
				PRODUCT_NAME = "$(TARGET_NAME)";
				SWIFT_VERSION = 4.0;
				TARGETED_DEVICE_FAMILY = "1,2";
			};
			name = Debug;
		};
		CDF613082036666A009C4724 /* Release */ = {
			isa = XCBuildConfiguration;
			buildSettings = {
				ASSETCATALOG_COMPILER_APPICON_NAME = AppIcon;
				CODE_SIGN_STYLE = Automatic;
				INFOPLIST_FILE = FitPro/Info.plist;
				LD_RUNPATH_SEARCH_PATHS = "$(inherited) @executable_path/Frameworks";
				PRODUCT_BUNDLE_IDENTIFIER = edu.nwmissouri.FitPro;
				PRODUCT_NAME = "$(TARGET_NAME)";
				SWIFT_VERSION = 4.0;
				TARGETED_DEVICE_FAMILY = "1,2";
			};
			name = Release;
		};
/* End XCBuildConfiguration section */

/* Begin XCConfigurationList section */
		CDF612EF2036666A009C4724 /* Build configuration list for PBXProject "FitPro" */ = {
			isa = XCConfigurationList;
			buildConfigurations = (
				CDF613042036666A009C4724 /* Debug */,
				CDF613052036666A009C4724 /* Release */,
			);
			defaultConfigurationIsVisible = 0;
			defaultConfigurationName = Release;
		};
		CDF613062036666A009C4724 /* Build configuration list for PBXNativeTarget "FitPro" */ = {
			isa = XCConfigurationList;
			buildConfigurations = (
				CDF613072036666A009C4724 /* Debug */,
				CDF613082036666A009C4724 /* Release */,
			);
			defaultConfigurationIsVisible = 0;
			defaultConfigurationName = Release;
		};
/* End XCConfigurationList section */
	};
	rootObject = CDF612EC2036666A009C4724 /* Project object */;
}
