// !$*UTF8*$!
{
	archiveVersion = 1;
	classes = {
	};
	objectVersion = 48;
	objects = {

/* Begin PBXBuildFile section */
		9436E2872036614100B49CEE /* AppDelegate.swift in Sources */ = {isa = PBXBuildFile; fileRef = 9436E2862036614100B49CEE /* AppDelegate.swift */; };
		9436E2892036614100B49CEE /* ViewController.swift in Sources */ = {isa = PBXBuildFile; fileRef = 9436E2882036614100B49CEE /* ViewController.swift */; };
		9436E28C2036614100B49CEE /* Main.storyboard in Resources */ = {isa = PBXBuildFile; fileRef = 9436E28A2036614100B49CEE /* Main.storyboard */; };
		9436E28E2036614100B49CEE /* Assets.xcassets in Resources */ = {isa = PBXBuildFile; fileRef = 9436E28D2036614100B49CEE /* Assets.xcassets */; };
		9436E2912036614100B49CEE /* LaunchScreen.storyboard in Resources */ = {isa = PBXBuildFile; fileRef = 9436E28F2036614100B49CEE /* LaunchScreen.storyboard */; };
		9436E29C2036614100B49CEE /* loading_screenTests.swift in Sources */ = {isa = PBXBuildFile; fileRef = 9436E29B2036614100B49CEE /* loading_screenTests.swift */; };
		9436E2A72036614100B49CEE /* loading_screenUITests.swift in Sources */ = {isa = PBXBuildFile; fileRef = 9436E2A62036614100B49CEE /* loading_screenUITests.swift */; };
/* End PBXBuildFile section */

/* Begin PBXContainerItemProxy section */
		9436E2982036614100B49CEE /* PBXContainerItemProxy */ = {
			isa = PBXContainerItemProxy;
			containerPortal = 9436E27B2036614100B49CEE /* Project object */;
			proxyType = 1;
			remoteGlobalIDString = 9436E2822036614100B49CEE;
			remoteInfo = "loading screen";
		};
		9436E2A32036614100B49CEE /* PBXContainerItemProxy */ = {
			isa = PBXContainerItemProxy;
			containerPortal = 9436E27B2036614100B49CEE /* Project object */;
			proxyType = 1;
			remoteGlobalIDString = 9436E2822036614100B49CEE;
			remoteInfo = "loading screen";
		};
/* End PBXContainerItemProxy section */

/* Begin PBXFileReference section */
		9436E2832036614100B49CEE /* loading screen.app */ = {isa = PBXFileReference; explicitFileType = wrapper.application; includeInIndex = 0; path = "loading screen.app"; sourceTree = BUILT_PRODUCTS_DIR; };
		9436E2862036614100B49CEE /* AppDelegate.swift */ = {isa = PBXFileReference; lastKnownFileType = sourcecode.swift; path = AppDelegate.swift; sourceTree = "<group>"; };
		9436E2882036614100B49CEE /* ViewController.swift */ = {isa = PBXFileReference; lastKnownFileType = sourcecode.swift; path = ViewController.swift; sourceTree = "<group>"; };
		9436E28B2036614100B49CEE /* Base */ = {isa = PBXFileReference; lastKnownFileType = file.storyboard; name = Base; path = Base.lproj/Main.storyboard; sourceTree = "<group>"; };
		9436E28D2036614100B49CEE /* Assets.xcassets */ = {isa = PBXFileReference; lastKnownFileType = folder.assetcatalog; path = Assets.xcassets; sourceTree = "<group>"; };
		9436E2902036614100B49CEE /* Base */ = {isa = PBXFileReference; lastKnownFileType = file.storyboard; name = Base; path = Base.lproj/LaunchScreen.storyboard; sourceTree = "<group>"; };
		9436E2922036614100B49CEE /* Info.plist */ = {isa = PBXFileReference; lastKnownFileType = text.plist.xml; path = Info.plist; sourceTree = "<group>"; };
		9436E2972036614100B49CEE /* loading screenTests.xctest */ = {isa = PBXFileReference; explicitFileType = wrapper.cfbundle; includeInIndex = 0; path = "loading screenTests.xctest"; sourceTree = BUILT_PRODUCTS_DIR; };
		9436E29B2036614100B49CEE /* loading_screenTests.swift */ = {isa = PBXFileReference; lastKnownFileType = sourcecode.swift; path = loading_screenTests.swift; sourceTree = "<group>"; };
		9436E29D2036614100B49CEE /* Info.plist */ = {isa = PBXFileReference; lastKnownFileType = text.plist.xml; path = Info.plist; sourceTree = "<group>"; };
		9436E2A22036614100B49CEE /* loading screenUITests.xctest */ = {isa = PBXFileReference; explicitFileType = wrapper.cfbundle; includeInIndex = 0; path = "loading screenUITests.xctest"; sourceTree = BUILT_PRODUCTS_DIR; };
		9436E2A62036614100B49CEE /* loading_screenUITests.swift */ = {isa = PBXFileReference; lastKnownFileType = sourcecode.swift; path = loading_screenUITests.swift; sourceTree = "<group>"; };
		9436E2A82036614100B49CEE /* Info.plist */ = {isa = PBXFileReference; lastKnownFileType = text.plist.xml; path = Info.plist; sourceTree = "<group>"; };
/* End PBXFileReference section */

/* Begin PBXFrameworksBuildPhase section */
		9436E2802036614100B49CEE /* Frameworks */ = {
			isa = PBXFrameworksBuildPhase;
			buildActionMask = 2147483647;
			files = (
			);
			runOnlyForDeploymentPostprocessing = 0;
		};
		9436E2942036614100B49CEE /* Frameworks */ = {
			isa = PBXFrameworksBuildPhase;
			buildActionMask = 2147483647;
			files = (
			);
			runOnlyForDeploymentPostprocessing = 0;
		};
		9436E29F2036614100B49CEE /* Frameworks */ = {
			isa = PBXFrameworksBuildPhase;
			buildActionMask = 2147483647;
			files = (
			);
			runOnlyForDeploymentPostprocessing = 0;
		};
/* End PBXFrameworksBuildPhase section */

/* Begin PBXGroup section */
		9436E27A2036614100B49CEE = {
			isa = PBXGroup;
			children = (
				9436E2852036614100B49CEE /* loading screen */,
				9436E29A2036614100B49CEE /* loading screenTests */,
				9436E2A52036614100B49CEE /* loading screenUITests */,
				9436E2842036614100B49CEE /* Products */,
			);
			sourceTree = "<group>";
		};
		9436E2842036614100B49CEE /* Products */ = {
			isa = PBXGroup;
			children = (
				9436E2832036614100B49CEE /* loading screen.app */,
				9436E2972036614100B49CEE /* loading screenTests.xctest */,
				9436E2A22036614100B49CEE /* loading screenUITests.xctest */,
			);
			name = Products;
			sourceTree = "<group>";
		};
		9436E2852036614100B49CEE /* loading screen */ = {
			isa = PBXGroup;
			children = (
				9436E2862036614100B49CEE /* AppDelegate.swift */,
				9436E2882036614100B49CEE /* ViewController.swift */,
				9436E28A2036614100B49CEE /* Main.storyboard */,
				9436E28D2036614100B49CEE /* Assets.xcassets */,
				9436E28F2036614100B49CEE /* LaunchScreen.storyboard */,
				9436E2922036614100B49CEE /* Info.plist */,
			);
			path = "loading screen";
			sourceTree = "<group>";
		};
		9436E29A2036614100B49CEE /* loading screenTests */ = {
			isa = PBXGroup;
			children = (
				9436E29B2036614100B49CEE /* loading_screenTests.swift */,
				9436E29D2036614100B49CEE /* Info.plist */,
			);
			path = "loading screenTests";
			sourceTree = "<group>";
		};
		9436E2A52036614100B49CEE /* loading screenUITests */ = {
			isa = PBXGroup;
			children = (
				9436E2A62036614100B49CEE /* loading_screenUITests.swift */,
				9436E2A82036614100B49CEE /* Info.plist */,
			);
			path = "loading screenUITests";
			sourceTree = "<group>";
		};
/* End PBXGroup section */

/* Begin PBXNativeTarget section */
		9436E2822036614100B49CEE /* loading screen */ = {
			isa = PBXNativeTarget;
			buildConfigurationList = 9436E2AB2036614100B49CEE /* Build configuration list for PBXNativeTarget "loading screen" */;
			buildPhases = (
				9436E27F2036614100B49CEE /* Sources */,
				9436E2802036614100B49CEE /* Frameworks */,
				9436E2812036614100B49CEE /* Resources */,
			);
			buildRules = (
			);
			dependencies = (
			);
			name = "loading screen";
			productName = "loading screen";
			productReference = 9436E2832036614100B49CEE /* loading screen.app */;
			productType = "com.apple.product-type.application";
		};
		9436E2962036614100B49CEE /* loading screenTests */ = {
			isa = PBXNativeTarget;
			buildConfigurationList = 9436E2AE2036614100B49CEE /* Build configuration list for PBXNativeTarget "loading screenTests" */;
			buildPhases = (
				9436E2932036614100B49CEE /* Sources */,
				9436E2942036614100B49CEE /* Frameworks */,
				9436E2952036614100B49CEE /* Resources */,
			);
			buildRules = (
			);
			dependencies = (
				9436E2992036614100B49CEE /* PBXTargetDependency */,
			);
			name = "loading screenTests";
			productName = "loading screenTests";
			productReference = 9436E2972036614100B49CEE /* loading screenTests.xctest */;
			productType = "com.apple.product-type.bundle.unit-test";
		};
		9436E2A12036614100B49CEE /* loading screenUITests */ = {
			isa = PBXNativeTarget;
			buildConfigurationList = 9436E2B12036614100B49CEE /* Build configuration list for PBXNativeTarget "loading screenUITests" */;
			buildPhases = (
				9436E29E2036614100B49CEE /* Sources */,
				9436E29F2036614100B49CEE /* Frameworks */,
				9436E2A02036614100B49CEE /* Resources */,
			);
			buildRules = (
			);
			dependencies = (
				9436E2A42036614100B49CEE /* PBXTargetDependency */,
			);
			name = "loading screenUITests";
			productName = "loading screenUITests";
			productReference = 9436E2A22036614100B49CEE /* loading screenUITests.xctest */;
			productType = "com.apple.product-type.bundle.ui-testing";
		};
/* End PBXNativeTarget section */

/* Begin PBXProject section */
		9436E27B2036614100B49CEE /* Project object */ = {
			isa = PBXProject;
			attributes = {
				LastSwiftUpdateCheck = 0920;
				LastUpgradeCheck = 0920;
				ORGANIZATIONNAME = "Newton,Tosh A";
				TargetAttributes = {
					9436E2822036614100B49CEE = {
						CreatedOnToolsVersion = 9.2;
						ProvisioningStyle = Automatic;
					};
					9436E2962036614100B49CEE = {
						CreatedOnToolsVersion = 9.2;
						ProvisioningStyle = Automatic;
						TestTargetID = 9436E2822036614100B49CEE;
					};
					9436E2A12036614100B49CEE = {
						CreatedOnToolsVersion = 9.2;
						ProvisioningStyle = Automatic;
						TestTargetID = 9436E2822036614100B49CEE;
					};
				};
			};
			buildConfigurationList = 9436E27E2036614100B49CEE /* Build configuration list for PBXProject "loading screen" */;
			compatibilityVersion = "Xcode 8.0";
			developmentRegion = en;
			hasScannedForEncodings = 0;
			knownRegions = (
				en,
				Base,
			);
			mainGroup = 9436E27A2036614100B49CEE;
			productRefGroup = 9436E2842036614100B49CEE /* Products */;
			projectDirPath = "";
			projectRoot = "";
			targets = (
				9436E2822036614100B49CEE /* loading screen */,
				9436E2962036614100B49CEE /* loading screenTests */,
				9436E2A12036614100B49CEE /* loading screenUITests */,
			);
		};
/* End PBXProject section */

/* Begin PBXResourcesBuildPhase section */
		9436E2812036614100B49CEE /* Resources */ = {
			isa = PBXResourcesBuildPhase;
			buildActionMask = 2147483647;
			files = (
				9436E2912036614100B49CEE /* LaunchScreen.storyboard in Resources */,
				9436E28E2036614100B49CEE /* Assets.xcassets in Resources */,
				9436E28C2036614100B49CEE /* Main.storyboard in Resources */,
			);
			runOnlyForDeploymentPostprocessing = 0;
		};
		9436E2952036614100B49CEE /* Resources */ = {
			isa = PBXResourcesBuildPhase;
			buildActionMask = 2147483647;
			files = (
			);
			runOnlyForDeploymentPostprocessing = 0;
		};
		9436E2A02036614100B49CEE /* Resources */ = {
			isa = PBXResourcesBuildPhase;
			buildActionMask = 2147483647;
			files = (
			);
			runOnlyForDeploymentPostprocessing = 0;
		};
/* End PBXResourcesBuildPhase section */

/* Begin PBXSourcesBuildPhase section */
		9436E27F2036614100B49CEE /* Sources */ = {
			isa = PBXSourcesBuildPhase;
			buildActionMask = 2147483647;
			files = (
				9436E2892036614100B49CEE /* ViewController.swift in Sources */,
				9436E2872036614100B49CEE /* AppDelegate.swift in Sources */,
			);
			runOnlyForDeploymentPostprocessing = 0;
		};
		9436E2932036614100B49CEE /* Sources */ = {
			isa = PBXSourcesBuildPhase;
			buildActionMask = 2147483647;
			files = (
				9436E29C2036614100B49CEE /* loading_screenTests.swift in Sources */,
			);
			runOnlyForDeploymentPostprocessing = 0;
		};
		9436E29E2036614100B49CEE /* Sources */ = {
			isa = PBXSourcesBuildPhase;
			buildActionMask = 2147483647;
			files = (
				9436E2A72036614100B49CEE /* loading_screenUITests.swift in Sources */,
			);
			runOnlyForDeploymentPostprocessing = 0;
		};
/* End PBXSourcesBuildPhase section */

/* Begin PBXTargetDependency section */
		9436E2992036614100B49CEE /* PBXTargetDependency */ = {
			isa = PBXTargetDependency;
			target = 9436E2822036614100B49CEE /* loading screen */;
			targetProxy = 9436E2982036614100B49CEE /* PBXContainerItemProxy */;
		};
		9436E2A42036614100B49CEE /* PBXTargetDependency */ = {
			isa = PBXTargetDependency;
			target = 9436E2822036614100B49CEE /* loading screen */;
			targetProxy = 9436E2A32036614100B49CEE /* PBXContainerItemProxy */;
		};
/* End PBXTargetDependency section */

/* Begin PBXVariantGroup section */
		9436E28A2036614100B49CEE /* Main.storyboard */ = {
			isa = PBXVariantGroup;
			children = (
				9436E28B2036614100B49CEE /* Base */,
			);
			name = Main.storyboard;
			sourceTree = "<group>";
		};
		9436E28F2036614100B49CEE /* LaunchScreen.storyboard */ = {
			isa = PBXVariantGroup;
			children = (
				9436E2902036614100B49CEE /* Base */,
			);
			name = LaunchScreen.storyboard;
			sourceTree = "<group>";
		};
/* End PBXVariantGroup section */

/* Begin XCBuildConfiguration section */
		9436E2A92036614100B49CEE /* Debug */ = {
			isa = XCBuildConfiguration;
			buildSettings = {
				ALWAYS_SEARCH_USER_PATHS = NO;
				CLANG_ANALYZER_NONNULL = YES;
				CLANG_ANALYZER_NUMBER_OBJECT_CONVERSION = YES_AGGRESSIVE;
				CLANG_CXX_LANGUAGE_STANDARD = "gnu++14";
				CLANG_CXX_LIBRARY = "libc++";
				CLANG_ENABLE_MODULES = YES;
				CLANG_ENABLE_OBJC_ARC = YES;
				CLANG_WARN_BLOCK_CAPTURE_AUTORELEASING = YES;
				CLANG_WARN_BOOL_CONVERSION = YES;
				CLANG_WARN_COMMA = YES;
				CLANG_WARN_CONSTANT_CONVERSION = YES;
				CLANG_WARN_DIRECT_OBJC_ISA_USAGE = YES_ERROR;
				CLANG_WARN_DOCUMENTATION_COMMENTS = YES;
				CLANG_WARN_EMPTY_BODY = YES;
				CLANG_WARN_ENUM_CONVERSION = YES;
				CLANG_WARN_INFINITE_RECURSION = YES;
				CLANG_WARN_INT_CONVERSION = YES;
				CLANG_WARN_NON_LITERAL_NULL_CONVERSION = YES;
				CLANG_WARN_OBJC_LITERAL_CONVERSION = YES;
				CLANG_WARN_OBJC_ROOT_CLASS = YES_ERROR;
				CLANG_WARN_RANGE_LOOP_ANALYSIS = YES;
				CLANG_WARN_STRICT_PROTOTYPES = YES;
				CLANG_WARN_SUSPICIOUS_MOVE = YES;
				CLANG_WARN_UNGUARDED_AVAILABILITY = YES_AGGRESSIVE;
				CLANG_WARN_UNREACHABLE_CODE = YES;
				CLANG_WARN__DUPLICATE_METHOD_MATCH = YES;
				CODE_SIGN_IDENTITY = "iPhone Developer";
				COPY_PHASE_STRIP = NO;
				DEBUG_INFORMATION_FORMAT = dwarf;
				ENABLE_STRICT_OBJC_MSGSEND = YES;
				ENABLE_TESTABILITY = YES;
				GCC_C_LANGUAGE_STANDARD = gnu11;
				GCC_DYNAMIC_NO_PIC = NO;
				GCC_NO_COMMON_BLOCKS = YES;
				GCC_OPTIMIZATION_LEVEL = 0;
				GCC_PREPROCESSOR_DEFINITIONS = (
					"DEBUG=1",
					"$(inherited)",
				);
				GCC_WARN_64_TO_32_BIT_CONVERSION = YES;
				GCC_WARN_ABOUT_RETURN_TYPE = YES_ERROR;
				GCC_WARN_UNDECLARED_SELECTOR = YES;
				GCC_WARN_UNINITIALIZED_AUTOS = YES_AGGRESSIVE;
				GCC_WARN_UNUSED_FUNCTION = YES;
				GCC_WARN_UNUSED_VARIABLE = YES;
				IPHONEOS_DEPLOYMENT_TARGET = 11.2;
				MTL_ENABLE_DEBUG_INFO = YES;
				ONLY_ACTIVE_ARCH = YES;
				SDKROOT = iphoneos;
				SWIFT_ACTIVE_COMPILATION_CONDITIONS = DEBUG;
				SWIFT_OPTIMIZATION_LEVEL = "-Onone";
			};
			name = Debug;
		};
		9436E2AA2036614100B49CEE /* Release */ = {
			isa = XCBuildConfiguration;
			buildSettings = {
				ALWAYS_SEARCH_USER_PATHS = NO;
				CLANG_ANALYZER_NONNULL = YES;
				CLANG_ANALYZER_NUMBER_OBJECT_CONVERSION = YES_AGGRESSIVE;
				CLANG_CXX_LANGUAGE_STANDARD = "gnu++14";
				CLANG_CXX_LIBRARY = "libc++";
				CLANG_ENABLE_MODULES = YES;
				CLANG_ENABLE_OBJC_ARC = YES;
				CLANG_WARN_BLOCK_CAPTURE_AUTORELEASING = YES;
				CLANG_WARN_BOOL_CONVERSION = YES;
				CLANG_WARN_COMMA = YES;
				CLANG_WARN_CONSTANT_CONVERSION = YES;
				CLANG_WARN_DIRECT_OBJC_ISA_USAGE = YES_ERROR;
				CLANG_WARN_DOCUMENTATION_COMMENTS = YES;
				CLANG_WARN_EMPTY_BODY = YES;
				CLANG_WARN_ENUM_CONVERSION = YES;
				CLANG_WARN_INFINITE_RECURSION = YES;
				CLANG_WARN_INT_CONVERSION = YES;
				CLANG_WARN_NON_LITERAL_NULL_CONVERSION = YES;
				CLANG_WARN_OBJC_LITERAL_CONVERSION = YES;
				CLANG_WARN_OBJC_ROOT_CLASS = YES_ERROR;
				CLANG_WARN_RANGE_LOOP_ANALYSIS = YES;
				CLANG_WARN_STRICT_PROTOTYPES = YES;
				CLANG_WARN_SUSPICIOUS_MOVE = YES;
				CLANG_WARN_UNGUARDED_AVAILABILITY = YES_AGGRESSIVE;
				CLANG_WARN_UNREACHABLE_CODE = YES;
				CLANG_WARN__DUPLICATE_METHOD_MATCH = YES;
				CODE_SIGN_IDENTITY = "iPhone Developer";
				COPY_PHASE_STRIP = NO;
				DEBUG_INFORMATION_FORMAT = "dwarf-with-dsym";
				ENABLE_NS_ASSERTIONS = NO;
				ENABLE_STRICT_OBJC_MSGSEND = YES;
				GCC_C_LANGUAGE_STANDARD = gnu11;
				GCC_NO_COMMON_BLOCKS = YES;
				GCC_WARN_64_TO_32_BIT_CONVERSION = YES;
				GCC_WARN_ABOUT_RETURN_TYPE = YES_ERROR;
				GCC_WARN_UNDECLARED_SELECTOR = YES;
				GCC_WARN_UNINITIALIZED_AUTOS = YES_AGGRESSIVE;
				GCC_WARN_UNUSED_FUNCTION = YES;
				GCC_WARN_UNUSED_VARIABLE = YES;
				IPHONEOS_DEPLOYMENT_TARGET = 11.2;
				MTL_ENABLE_DEBUG_INFO = NO;
				SDKROOT = iphoneos;
				SWIFT_OPTIMIZATION_LEVEL = "-Owholemodule";
				VALIDATE_PRODUCT = YES;
			};
			name = Release;
		};
		9436E2AC2036614100B49CEE /* Debug */ = {
			isa = XCBuildConfiguration;
			buildSettings = {
				ASSETCATALOG_COMPILER_APPICON_NAME = AppIcon;
				CODE_SIGN_STYLE = Automatic;
				INFOPLIST_FILE = "loading screen/Info.plist";
				LD_RUNPATH_SEARCH_PATHS = "$(inherited) @executable_path/Frameworks";
				PRODUCT_BUNDLE_IDENTIFIER = "aye.loading-screen";
				PRODUCT_NAME = "$(TARGET_NAME)";
				SWIFT_VERSION = 4.0;
				TARGETED_DEVICE_FAMILY = "1,2";
			};
			name = Debug;
		};
		9436E2AD2036614100B49CEE /* Release */ = {
			isa = XCBuildConfiguration;
			buildSettings = {
				ASSETCATALOG_COMPILER_APPICON_NAME = AppIcon;
				CODE_SIGN_STYLE = Automatic;
				INFOPLIST_FILE = "loading screen/Info.plist";
				LD_RUNPATH_SEARCH_PATHS = "$(inherited) @executable_path/Frameworks";
				PRODUCT_BUNDLE_IDENTIFIER = "aye.loading-screen";
				PRODUCT_NAME = "$(TARGET_NAME)";
				SWIFT_VERSION = 4.0;
				TARGETED_DEVICE_FAMILY = "1,2";
			};
			name = Release;
		};
		9436E2AF2036614100B49CEE /* Debug */ = {
			isa = XCBuildConfiguration;
			buildSettings = {
				ALWAYS_EMBED_SWIFT_STANDARD_LIBRARIES = YES;
				BUNDLE_LOADER = "$(TEST_HOST)";
				CODE_SIGN_STYLE = Automatic;
				INFOPLIST_FILE = "loading screenTests/Info.plist";
				LD_RUNPATH_SEARCH_PATHS = "$(inherited) @executable_path/Frameworks @loader_path/Frameworks";
				PRODUCT_BUNDLE_IDENTIFIER = "aye.loading-screenTests";
				PRODUCT_NAME = "$(TARGET_NAME)";
				SWIFT_VERSION = 4.0;
				TARGETED_DEVICE_FAMILY = "1,2";
				TEST_HOST = "$(BUILT_PRODUCTS_DIR)/loading screen.app/loading screen";
			};
			name = Debug;
		};
		9436E2B02036614100B49CEE /* Release */ = {
			isa = XCBuildConfiguration;
			buildSettings = {
				ALWAYS_EMBED_SWIFT_STANDARD_LIBRARIES = YES;
				BUNDLE_LOADER = "$(TEST_HOST)";
				CODE_SIGN_STYLE = Automatic;
				INFOPLIST_FILE = "loading screenTests/Info.plist";
				LD_RUNPATH_SEARCH_PATHS = "$(inherited) @executable_path/Frameworks @loader_path/Frameworks";
				PRODUCT_BUNDLE_IDENTIFIER = "aye.loading-screenTests";
				PRODUCT_NAME = "$(TARGET_NAME)";
				SWIFT_VERSION = 4.0;
				TARGETED_DEVICE_FAMILY = "1,2";
				TEST_HOST = "$(BUILT_PRODUCTS_DIR)/loading screen.app/loading screen";
			};
			name = Release;
		};
		9436E2B22036614100B49CEE /* Debug */ = {
			isa = XCBuildConfiguration;
			buildSettings = {
				ALWAYS_EMBED_SWIFT_STANDARD_LIBRARIES = YES;
				CODE_SIGN_STYLE = Automatic;
				INFOPLIST_FILE = "loading screenUITests/Info.plist";
				LD_RUNPATH_SEARCH_PATHS = "$(inherited) @executable_path/Frameworks @loader_path/Frameworks";
				PRODUCT_BUNDLE_IDENTIFIER = "aye.loading-screenUITests";
				PRODUCT_NAME = "$(TARGET_NAME)";
				SWIFT_VERSION = 4.0;
				TARGETED_DEVICE_FAMILY = "1,2";
				TEST_TARGET_NAME = "loading screen";
			};
			name = Debug;
		};
		9436E2B32036614100B49CEE /* Release */ = {
			isa = XCBuildConfiguration;
			buildSettings = {
				ALWAYS_EMBED_SWIFT_STANDARD_LIBRARIES = YES;
				CODE_SIGN_STYLE = Automatic;
				INFOPLIST_FILE = "loading screenUITests/Info.plist";
				LD_RUNPATH_SEARCH_PATHS = "$(inherited) @executable_path/Frameworks @loader_path/Frameworks";
				PRODUCT_BUNDLE_IDENTIFIER = "aye.loading-screenUITests";
				PRODUCT_NAME = "$(TARGET_NAME)";
				SWIFT_VERSION = 4.0;
				TARGETED_DEVICE_FAMILY = "1,2";
				TEST_TARGET_NAME = "loading screen";
			};
			name = Release;
		};
/* End XCBuildConfiguration section */

/* Begin XCConfigurationList section */
		9436E27E2036614100B49CEE /* Build configuration list for PBXProject "loading screen" */ = {
			isa = XCConfigurationList;
			buildConfigurations = (
				9436E2A92036614100B49CEE /* Debug */,
				9436E2AA2036614100B49CEE /* Release */,
			);
			defaultConfigurationIsVisible = 0;
			defaultConfigurationName = Release;
		};
		9436E2AB2036614100B49CEE /* Build configuration list for PBXNativeTarget "loading screen" */ = {
			isa = XCConfigurationList;
			buildConfigurations = (
				9436E2AC2036614100B49CEE /* Debug */,
				9436E2AD2036614100B49CEE /* Release */,
			);
			defaultConfigurationIsVisible = 0;
			defaultConfigurationName = Release;
		};
		9436E2AE2036614100B49CEE /* Build configuration list for PBXNativeTarget "loading screenTests" */ = {
			isa = XCConfigurationList;
			buildConfigurations = (
				9436E2AF2036614100B49CEE /* Debug */,
				9436E2B02036614100B49CEE /* Release */,
			);
			defaultConfigurationIsVisible = 0;
			defaultConfigurationName = Release;
		};
		9436E2B12036614100B49CEE /* Build configuration list for PBXNativeTarget "loading screenUITests" */ = {
			isa = XCConfigurationList;
			buildConfigurations = (
				9436E2B22036614100B49CEE /* Debug */,
				9436E2B32036614100B49CEE /* Release */,
			);
			defaultConfigurationIsVisible = 0;
			defaultConfigurationName = Release;
		};
/* End XCConfigurationList section */
	};
	rootObject = 9436E27B2036614100B49CEE /* Project object */;
}
